
Microsoft Visual Studio Solution File, Format Version 12.00
# Visual Studio Version 17
VisualStudioVersion = 17.8.34511.84
MinimumVisualStudioVersion = 10.0.40219.1
Project("{9A19103F-16F7-4668-BE54-9A1E7A4F7556}") = "SistemaDeTarefas", "SistemaDeTarefas.csproj", "{35F7F13A-4F3B-40AE-8472-563DED8B8E92}"
EndProject
Global
	GlobalSection(SolutionConfigurationPlatforms) = preSolution
		Debug|Any CPU = Debug|Any CPU
		Release|Any CPU = Release|Any CPU
	EndGlobalSection
	GlobalSection(ProjectConfigurationPlatforms) = postSolution
		{35F7F13A-4F3B-40AE-8472-563DED8B8E92}.Debug|Any CPU.ActiveCfg = Debug|Any CPU
		{35F7F13A-4F3B-40AE-8472-563DED8B8E92}.Debug|Any CPU.Build.0 = Debug|Any CPU
		{35F7F13A-4F3B-40AE-8472-563DED8B8E92}.Release|Any CPU.ActiveCfg = Release|Any CPU
		{35F7F13A-4F3B-40AE-8472-563DED8B8E92}.Release|Any CPU.Build.0 = Release|Any CPU
	EndGlobalSection
	GlobalSection(SolutionProperties) = preSolution
		HideSolutionNode = FALSE
	EndGlobalSection
	GlobalSection(ExtensibilityGlobals) = postSolution
		SolutionGuid = {50D27FB4-B054-480B-B826-E3184142AD5E}
	EndGlobalSection
EndGlobal
